
Microsoft Visual Studio Solution File, Format Version 12.00
# Visual Studio Version 17
VisualStudioVersion = 17.9.34622.214
MinimumVisualStudioVersion = 10.0.40219.1
Project("{FAE04EC0-301F-11D3-BF4B-00C04F79EFBC}") = "RickAndMortyAPI", "RickAndMortyAPI\RickAndMortyAPI.csproj", "{40D5290A-C9DA-434C-A8E1-B4C45857216B}"
EndProject
Global
	GlobalSection(SolutionConfigurationPlatforms) = preSolution
		Debug|Any CPU = Debug|Any CPU
		Release|Any CPU = Release|Any CPU
	EndGlobalSection
	GlobalSection(ProjectConfigurationPlatforms) = postSolution
		{40D5290A-C9DA-434C-A8E1-B4C45857216B}.Debug|Any CPU.ActiveCfg = Debug|Any CPU
		{40D5290A-C9DA-434C-A8E1-B4C45857216B}.Debug|Any CPU.Build.0 = Debug|Any CPU
		{40D5290A-C9DA-434C-A8E1-B4C45857216B}.Release|Any CPU.ActiveCfg = Release|Any CPU
		{40D5290A-C9DA-434C-A8E1-B4C45857216B}.Release|Any CPU.Build.0 = Release|Any CPU
	EndGlobalSection
	GlobalSection(SolutionProperties) = preSolution
		HideSolutionNode = FALSE
	EndGlobalSection
	GlobalSection(ExtensibilityGlobals) = postSolution
		SolutionGuid = {54C1A870-0892-4AA9-816C-0497EEBAC45B}
	EndGlobalSection
EndGlobal
